
Microsoft Visual Studio Solution File, Format Version 12.00
# Visual Studio 15
VisualStudioVersion = 15.0.28010.2036
MinimumVisualStudioVersion = 10.0.40219.1
Project("{FAE04EC0-301F-11D3-BF4B-00C04F79EFBC}") = "Wordy", "Wordy\Wordy.csproj", "{F7ADB621-7426-45C1-8720-5A74651C7262}"
EndProject
Project("{FAE04EC0-301F-11D3-BF4B-00C04F79EFBC}") = "Demo", "Demo\Demo.csproj", "{0B72EE3D-C3FD-45EE-86BF-88180608CD59}"
EndProject
Global
	GlobalSection(SolutionConfigurationPlatforms) = preSolution
		Debug|Any CPU = Debug|Any CPU
		Release|Any CPU = Release|Any CPU
	EndGlobalSection
	GlobalSection(ProjectConfigurationPlatforms) = postSolution
		{F7ADB621-7426-45C1-8720-5A74651C7262}.Debug|Any CPU.ActiveCfg = Debug|Any CPU
		{F7ADB621-7426-45C1-8720-5A74651C7262}.Debug|Any CPU.Build.0 = Debug|Any CPU
		{F7ADB621-7426-45C1-8720-5A74651C7262}.Release|Any CPU.ActiveCfg = Release|Any CPU
		{F7ADB621-7426-45C1-8720-5A74651C7262}.Release|Any CPU.Build.0 = Release|Any CPU
		{0B72EE3D-C3FD-45EE-86BF-88180608CD59}.Debug|Any CPU.ActiveCfg = Debug|Any CPU
		{0B72EE3D-C3FD-45EE-86BF-88180608CD59}.Debug|Any CPU.Build.0 = Debug|Any CPU
		{0B72EE3D-C3FD-45EE-86BF-88180608CD59}.Release|Any CPU.ActiveCfg = Release|Any CPU
		{0B72EE3D-C3FD-45EE-86BF-88180608CD59}.Release|Any CPU.Build.0 = Release|Any CPU
	EndGlobalSection
	GlobalSection(SolutionProperties) = preSolution
		HideSolutionNode = FALSE
	EndGlobalSection
	GlobalSection(ExtensibilityGlobals) = postSolution
		SolutionGuid = {B4128CEB-A980-4D13-BF06-EA6D79119F73}
	EndGlobalSection
EndGlobal
